// !$*UTF8*$!
{
	archiveVersion = 1;
	classes = {
	};
	objectVersion = 50;
	objects = {

/* Begin PBXBuildFile section */
		74DD6FBD2637552D000C1B5C /* AppDelegate.swift in Sources */ = {isa = PBXBuildFile; fileRef = 74DD6FBC2637552D000C1B5C /* AppDelegate.swift */; };
		74DD6FBF2637552D000C1B5C /* SceneDelegate.swift in Sources */ = {isa = PBXBuildFile; fileRef = 74DD6FBE2637552D000C1B5C /* SceneDelegate.swift */; };
		74DD6FC42637552D000C1B5C /* Main.storyboard in Resources */ = {isa = PBXBuildFile; fileRef = 74DD6FC22637552D000C1B5C /* Main.storyboard */; };
		74DD6FC72637552D000C1B5C /* CoreDataJournal.xcdatamodeld in Sources */ = {isa = PBXBuildFile; fileRef = 74DD6FC52637552D000C1B5C /* CoreDataJournal.xcdatamodeld */; };
		74DD6FC92637552E000C1B5C /* Assets.xcassets in Resources */ = {isa = PBXBuildFile; fileRef = 74DD6FC82637552E000C1B5C /* Assets.xcassets */; };
		74DD6FCC2637552E000C1B5C /* LaunchScreen.storyboard in Resources */ = {isa = PBXBuildFile; fileRef = 74DD6FCA2637552E000C1B5C /* LaunchScreen.storyboard */; };
		74DD6FE026375737000C1B5C /* CoreDataStack.swift in Sources */ = {isa = PBXBuildFile; fileRef = 74DD6FDF26375737000C1B5C /* CoreDataStack.swift */; };
		74DD6FE526375810000C1B5C /* Entry+Convenience.swift in Sources */ = {isa = PBXBuildFile; fileRef = 74DD6FE426375810000C1B5C /* Entry+Convenience.swift */; };
		74DD6FE926375AE5000C1B5C /* EntryController.swift in Sources */ = {isa = PBXBuildFile; fileRef = 74DD6FE826375AE5000C1B5C /* EntryController.swift */; };
		74DD6FF026376283000C1B5C /* EntryListViewController.swift in Sources */ = {isa = PBXBuildFile; fileRef = 74DD6FEF26376283000C1B5C /* EntryListViewController.swift */; };
		74DD6FF326376372000C1B5C /* EntryTableViewCell.swift in Sources */ = {isa = PBXBuildFile; fileRef = 74DD6FF226376372000C1B5C /* EntryTableViewCell.swift */; };
		74DD6FF626376C39000C1B5C /* EntryViewController.swift in Sources */ = {isa = PBXBuildFile; fileRef = 74DD6FF526376C39000C1B5C /* EntryViewController.swift */; };
		74DD6FF92637982C000C1B5C /* DateFormatter+Extras.swift in Sources */ = {isa = PBXBuildFile; fileRef = 74DD6FF82637982C000C1B5C /* DateFormatter+Extras.swift */; };
/* End PBXBuildFile section */

/* Begin PBXFileReference section */
		74DD6FB92637552D000C1B5C /* CoreDataJournal.app */ = {isa = PBXFileReference; explicitFileType = wrapper.application; includeInIndex = 0; path = CoreDataJournal.app; sourceTree = BUILT_PRODUCTS_DIR; };
		74DD6FBC2637552D000C1B5C /* AppDelegate.swift */ = {isa = PBXFileReference; lastKnownFileType = sourcecode.swift; path = AppDelegate.swift; sourceTree = "<group>"; };
		74DD6FBE2637552D000C1B5C /* SceneDelegate.swift */ = {isa = PBXFileReference; lastKnownFileType = sourcecode.swift; path = SceneDelegate.swift; sourceTree = "<group>"; };
		74DD6FC32637552D000C1B5C /* Base */ = {isa = PBXFileReference; lastKnownFileType = file.storyboard; name = Base; path = Base.lproj/Main.storyboard; sourceTree = "<group>"; };
		74DD6FC62637552D000C1B5C /* CoreDataJournal.xcdatamodel */ = {isa = PBXFileReference; lastKnownFileType = wrapper.xcdatamodel; path = CoreDataJournal.xcdatamodel; sourceTree = "<group>"; };
		74DD6FC82637552E000C1B5C /* Assets.xcassets */ = {isa = PBXFileReference; lastKnownFileType = folder.assetcatalog; path = Assets.xcassets; sourceTree = "<group>"; };
		74DD6FCB2637552E000C1B5C /* Base */ = {isa = PBXFileReference; lastKnownFileType = file.storyboard; name = Base; path = Base.lproj/LaunchScreen.storyboard; sourceTree = "<group>"; };
		74DD6FCD2637552E000C1B5C /* Info.plist */ = {isa = PBXFileReference; lastKnownFileType = text.plist.xml; path = Info.plist; sourceTree = "<group>"; };
		74DD6FDF26375737000C1B5C /* CoreDataStack.swift */ = {isa = PBXFileReference; lastKnownFileType = sourcecode.swift; path = CoreDataStack.swift; sourceTree = "<group>"; };
		74DD6FE426375810000C1B5C /* Entry+Convenience.swift */ = {isa = PBXFileReference; lastKnownFileType = sourcecode.swift; path = "Entry+Convenience.swift"; sourceTree = "<group>"; };
		74DD6FE826375AE5000C1B5C /* EntryController.swift */ = {isa = PBXFileReference; lastKnownFileType = sourcecode.swift; path = EntryController.swift; sourceTree = "<group>"; };
		74DD6FEF26376283000C1B5C /* EntryListViewController.swift */ = {isa = PBXFileReference; lastKnownFileType = sourcecode.swift; path = EntryListViewController.swift; sourceTree = "<group>"; };
		74DD6FF226376372000C1B5C /* EntryTableViewCell.swift */ = {isa = PBXFileReference; lastKnownFileType = sourcecode.swift; path = EntryTableViewCell.swift; sourceTree = "<group>"; };
		74DD6FF526376C39000C1B5C /* EntryViewController.swift */ = {isa = PBXFileReference; lastKnownFileType = sourcecode.swift; path = EntryViewController.swift; sourceTree = "<group>"; };
		74DD6FF82637982C000C1B5C /* DateFormatter+Extras.swift */ = {isa = PBXFileReference; lastKnownFileType = sourcecode.swift; path = "DateFormatter+Extras.swift"; sourceTree = "<group>"; };
/* End PBXFileReference section */

/* Begin PBXFrameworksBuildPhase section */
		74DD6FB62637552D000C1B5C /* Frameworks */ = {
			isa = PBXFrameworksBuildPhase;
			buildActionMask = 2147483647;
			files = (
			);
			runOnlyForDeploymentPostprocessing = 0;
		};
/* End PBXFrameworksBuildPhase section */

/* Begin PBXGroup section */
		74DD6FB02637552D000C1B5C = {
			isa = PBXGroup;
			children = (
				74DD6FBB2637552D000C1B5C /* CoreDataJournal */,
				74DD6FBA2637552D000C1B5C /* Products */,
			);
			sourceTree = "<group>";
		};
		74DD6FBA2637552D000C1B5C /* Products */ = {
			isa = PBXGroup;
			children = (
				74DD6FB92637552D000C1B5C /* CoreDataJournal.app */,
			);
			name = Products;
			sourceTree = "<group>";
		};
		74DD6FBB2637552D000C1B5C /* CoreDataJournal */ = {
			isa = PBXGroup;
			children = (
				74DD6FDC26375595000C1B5C /* Controllers */,
				74DD6FD92637557A000C1B5C /* Views */,
				74DD6FD826375571000C1B5C /* COREDATA */,
				74DD6FD72637555C000C1B5C /* Helpers+Extensions */,
				74DD6FD426375549000C1B5C /* Resources */,
			);
			path = CoreDataJournal;
			sourceTree = "<group>";
		};
		74DD6FD426375549000C1B5C /* Resources */ = {
			isa = PBXGroup;
			children = (
				74DD6FBC2637552D000C1B5C /* AppDelegate.swift */,
				74DD6FBE2637552D000C1B5C /* SceneDelegate.swift */,
				74DD6FC82637552E000C1B5C /* Assets.xcassets */,
				74DD6FCD2637552E000C1B5C /* Info.plist */,
			);
			path = Resources;
			sourceTree = "<group>";
		};
		74DD6FD72637555C000C1B5C /* Helpers+Extensions */ = {
			isa = PBXGroup;
			children = (
				74DD6FF82637982C000C1B5C /* DateFormatter+Extras.swift */,
			);
			path = "Helpers+Extensions";
			sourceTree = "<group>";
		};
		74DD6FD826375571000C1B5C /* COREDATA */ = {
			isa = PBXGroup;
			children = (
				74DD6FC52637552D000C1B5C /* CoreDataJournal.xcdatamodeld */,
				74DD6FDF26375737000C1B5C /* CoreDataStack.swift */,
				74DD6FE426375810000C1B5C /* Entry+Convenience.swift */,
			);
			path = COREDATA;
			sourceTree = "<group>";
		};
		74DD6FD92637557A000C1B5C /* Views */ = {
			isa = PBXGroup;
			children = (
				74DD6FDB2637558A000C1B5C /* Storyboards */,
				74DD6FDA26375581000C1B5C /* CustomViews */,
			);
			path = Views;
			sourceTree = "<group>";
		};
		74DD6FDA26375581000C1B5C /* CustomViews */ = {
			isa = PBXGroup;
			children = (
				74DD6FF226376372000C1B5C /* EntryTableViewCell.swift */,
			);
			path = CustomViews;
			sourceTree = "<group>";
		};
		74DD6FDB2637558A000C1B5C /* Storyboards */ = {
			isa = PBXGroup;
			children = (
				74DD6FC22637552D000C1B5C /* Main.storyboard */,
				74DD6FCA2637552E000C1B5C /* LaunchScreen.storyboard */,
			);
			path = Storyboards;
			sourceTree = "<group>";
		};
		74DD6FDC26375595000C1B5C /* Controllers */ = {
			isa = PBXGroup;
			children = (
				74DD6FDE263755A8000C1B5C /* ViewControllers */,
				74DD6FDD2637559D000C1B5C /* ModelControllers */,
			);
			path = Controllers;
			sourceTree = "<group>";
		};
		74DD6FDD2637559D000C1B5C /* ModelControllers */ = {
			isa = PBXGroup;
			children = (
				74DD6FE826375AE5000C1B5C /* EntryController.swift */,
			);
			path = ModelControllers;
			sourceTree = "<group>";
		};
		74DD6FDE263755A8000C1B5C /* ViewControllers */ = {
			isa = PBXGroup;
			children = (
				74DD6FEF26376283000C1B5C /* EntryListViewController.swift */,
				74DD6FF526376C39000C1B5C /* EntryViewController.swift */,
			);
			path = ViewControllers;
			sourceTree = "<group>";
		};
/* End PBXGroup section */

/* Begin PBXNativeTarget section */
		74DD6FB82637552D000C1B5C /* CoreDataJournal */ = {
			isa = PBXNativeTarget;
			buildConfigurationList = 74DD6FD02637552E000C1B5C /* Build configuration list for PBXNativeTarget "CoreDataJournal" */;
			buildPhases = (
				74DD6FB52637552D000C1B5C /* Sources */,
				74DD6FB62637552D000C1B5C /* Frameworks */,
				74DD6FB72637552D000C1B5C /* Resources */,
			);
			buildRules = (
			);
			dependencies = (
			);
			name = CoreDataJournal;
			productName = CoreDataJournal;
			productReference = 74DD6FB92637552D000C1B5C /* CoreDataJournal.app */;
			productType = "com.apple.product-type.application";
		};
/* End PBXNativeTarget section */

/* Begin PBXProject section */
		74DD6FB12637552D000C1B5C /* Project object */ = {
			isa = PBXProject;
			attributes = {
				LastSwiftUpdateCheck = 1240;
				LastUpgradeCheck = 1240;
				TargetAttributes = {
					74DD6FB82637552D000C1B5C = {
						CreatedOnToolsVersion = 12.4;
					};
				};
			};
			buildConfigurationList = 74DD6FB42637552D000C1B5C /* Build configuration list for PBXProject "CoreDataJournal" */;
			compatibilityVersion = "Xcode 9.3";
			developmentRegion = en;
			hasScannedForEncodings = 0;
			knownRegions = (
				en,
				Base,
			);
			mainGroup = 74DD6FB02637552D000C1B5C;
			productRefGroup = 74DD6FBA2637552D000C1B5C /* Products */;
			projectDirPath = "";
			projectRoot = "";
			targets = (
				74DD6FB82637552D000C1B5C /* CoreDataJournal */,
			);
		};
/* End PBXProject section */

/* Begin PBXResourcesBuildPhase section */
		74DD6FB72637552D000C1B5C /* Resources */ = {
			isa = PBXResourcesBuildPhase;
			buildActionMask = 2147483647;
			files = (
				74DD6FCC2637552E000C1B5C /* LaunchScreen.storyboard in Resources */,
				74DD6FC92637552E000C1B5C /* Assets.xcassets in Resources */,
				74DD6FC42637552D000C1B5C /* Main.storyboard in Resources */,
			);
			runOnlyForDeploymentPostprocessing = 0;
		};
/* End PBXResourcesBuildPhase section */

/* Begin PBXSourcesBuildPhase section */
		74DD6FB52637552D000C1B5C /* Sources */ = {
			isa = PBXSourcesBuildPhase;
			buildActionMask = 2147483647;
			files = (
				74DD6FF326376372000C1B5C /* EntryTableViewCell.swift in Sources */,
				74DD6FE926375AE5000C1B5C /* EntryController.swift in Sources */,
				74DD6FBD2637552D000C1B5C /* AppDelegate.swift in Sources */,
				74DD6FC72637552D000C1B5C /* CoreDataJournal.xcdatamodeld in Sources */,
				74DD6FBF2637552D000C1B5C /* SceneDelegate.swift in Sources */,
				74DD6FF626376C39000C1B5C /* EntryViewController.swift in Sources */,
				74DD6FE026375737000C1B5C /* CoreDataStack.swift in Sources */,
				74DD6FF026376283000C1B5C /* EntryListViewController.swift in Sources */,
				74DD6FE526375810000C1B5C /* Entry+Convenience.swift in Sources */,
				74DD6FF92637982C000C1B5C /* DateFormatter+Extras.swift in Sources */,
			);
			runOnlyForDeploymentPostprocessing = 0;
		};
/* End PBXSourcesBuildPhase section */

/* Begin PBXVariantGroup section */
		74DD6FC22637552D000C1B5C /* Main.storyboard */ = {
			isa = PBXVariantGroup;
			children = (
				74DD6FC32637552D000C1B5C /* Base */,
			);
			name = Main.storyboard;
			sourceTree = "<group>";
		};
		74DD6FCA2637552E000C1B5C /* LaunchScreen.storyboard */ = {
			isa = PBXVariantGroup;
			children = (
				74DD6FCB2637552E000C1B5C /* Base */,
			);
			name = LaunchScreen.storyboard;
			sourceTree = "<group>";
		};
/* End PBXVariantGroup section */

/* Begin XCBuildConfiguration section */
		74DD6FCE2637552E000C1B5C /* Debug */ = {
			isa = XCBuildConfiguration;
			buildSettings = {
				ALWAYS_SEARCH_USER_PATHS = NO;
				CLANG_ANALYZER_NONNULL = YES;
				CLANG_ANALYZER_NUMBER_OBJECT_CONVERSION = YES_AGGRESSIVE;
				CLANG_CXX_LANGUAGE_STANDARD = "gnu++14";
				CLANG_CXX_LIBRARY = "libc++";
				CLANG_ENABLE_MODULES = YES;
				CLANG_ENABLE_OBJC_ARC = YES;
				CLANG_ENABLE_OBJC_WEAK = YES;
				CLANG_WARN_BLOCK_CAPTURE_AUTORELEASING = YES;
				CLANG_WARN_BOOL_CONVERSION = YES;
				CLANG_WARN_COMMA = YES;
				CLANG_WARN_CONSTANT_CONVERSION = YES;
				CLANG_WARN_DEPRECATED_OBJC_IMPLEMENTATIONS = YES;
				CLANG_WARN_DIRECT_OBJC_ISA_USAGE = YES_ERROR;
				CLANG_WARN_DOCUMENTATION_COMMENTS = YES;
				CLANG_WARN_EMPTY_BODY = YES;
				CLANG_WARN_ENUM_CONVERSION = YES;
				CLANG_WARN_INFINITE_RECURSION = YES;
				CLANG_WARN_INT_CONVERSION = YES;
				CLANG_WARN_NON_LITERAL_NULL_CONVERSION = YES;
				CLANG_WARN_OBJC_IMPLICIT_RETAIN_SELF = YES;
				CLANG_WARN_OBJC_LITERAL_CONVERSION = YES;
				CLANG_WARN_OBJC_ROOT_CLASS = YES_ERROR;
				CLANG_WARN_QUOTED_INCLUDE_IN_FRAMEWORK_HEADER = YES;
				CLANG_WARN_RANGE_LOOP_ANALYSIS = YES;
				CLANG_WARN_STRICT_PROTOTYPES = YES;
				CLANG_WARN_SUSPICIOUS_MOVE = YES;
				CLANG_WARN_UNGUARDED_AVAILABILITY = YES_AGGRESSIVE;
				CLANG_WARN_UNREACHABLE_CODE = YES;
				CLANG_WARN__DUPLICATE_METHOD_MATCH = YES;
				COPY_PHASE_STRIP = NO;
				DEBUG_INFORMATION_FORMAT = dwarf;
				ENABLE_STRICT_OBJC_MSGSEND = YES;
				ENABLE_TESTABILITY = YES;
				GCC_C_LANGUAGE_STANDARD = gnu11;
				GCC_DYNAMIC_NO_PIC = NO;
				GCC_NO_COMMON_BLOCKS = YES;
				GCC_OPTIMIZATION_LEVEL = 0;
				GCC_PREPROCESSOR_DEFINITIONS = (
					"DEBUG=1",
					"$(inherited)",
				);
				GCC_WARN_64_TO_32_BIT_CONVERSION = YES;
				GCC_WARN_ABOUT_RETURN_TYPE = YES_ERROR;
				GCC_WARN_UNDECLARED_SELECTOR = YES;
				GCC_WARN_UNINITIALIZED_AUTOS = YES_AGGRESSIVE;
				GCC_WARN_UNUSED_FUNCTION = YES;
				GCC_WARN_UNUSED_VARIABLE = YES;
				IPHONEOS_DEPLOYMENT_TARGET = 14.4;
				MTL_ENABLE_DEBUG_INFO = INCLUDE_SOURCE;
				MTL_FAST_MATH = YES;
				ONLY_ACTIVE_ARCH = YES;
				SDKROOT = iphoneos;
				SWIFT_ACTIVE_COMPILATION_CONDITIONS = DEBUG;
				SWIFT_OPTIMIZATION_LEVEL = "-Onone";
			};
			name = Debug;
		};
		74DD6FCF2637552E000C1B5C /* Release */ = {
			isa = XCBuildConfiguration;
			buildSettings = {
				ALWAYS_SEARCH_USER_PATHS = NO;
				CLANG_ANALYZER_NONNULL = YES;
				CLANG_ANALYZER_NUMBER_OBJECT_CONVERSION = YES_AGGRESSIVE;
				CLANG_CXX_LANGUAGE_STANDARD = "gnu++14";
				CLANG_CXX_LIBRARY = "libc++";
				CLANG_ENABLE_MODULES = YES;
				CLANG_ENABLE_OBJC_ARC = YES;
				CLANG_ENABLE_OBJC_WEAK = YES;
				CLANG_WARN_BLOCK_CAPTURE_AUTORELEASING = YES;
				CLANG_WARN_BOOL_CONVERSION = YES;
				CLANG_WARN_COMMA = YES;
				CLANG_WARN_CONSTANT_CONVERSION = YES;
				CLANG_WARN_DEPRECATED_OBJC_IMPLEMENTATIONS = YES;
				CLANG_WARN_DIRECT_OBJC_ISA_USAGE = YES_ERROR;
				CLANG_WARN_DOCUMENTATION_COMMENTS = YES;
				CLANG_WARN_EMPTY_BODY = YES;
				CLANG_WARN_ENUM_CONVERSION = YES;
				CLANG_WARN_INFINITE_RECURSION = YES;
				CLANG_WARN_INT_CONVERSION = YES;
				CLANG_WARN_NON_LITERAL_NULL_CONVERSION = YES;
				CLANG_WARN_OBJC_IMPLICIT_RETAIN_SELF = YES;
				CLANG_WARN_OBJC_LITERAL_CONVERSION = YES;
				CLANG_WARN_OBJC_ROOT_CLASS = YES_ERROR;
				CLANG_WARN_QUOTED_INCLUDE_IN_FRAMEWORK_HEADER = YES;
				CLANG_WARN_RANGE_LOOP_ANALYSIS = YES;
				CLANG_WARN_STRICT_PROTOTYPES = YES;
				CLANG_WARN_SUSPICIOUS_MOVE = YES;
				CLANG_WARN_UNGUARDED_AVAILABILITY = YES_AGGRESSIVE;
				CLANG_WARN_UNREACHABLE_CODE = YES;
				CLANG_WARN__DUPLICATE_METHOD_MATCH = YES;
				COPY_PHASE_STRIP = NO;
				DEBUG_INFORMATION_FORMAT = "dwarf-with-dsym";
				ENABLE_NS_ASSERTIONS = NO;
				ENABLE_STRICT_OBJC_MSGSEND = YES;
				GCC_C_LANGUAGE_STANDARD = gnu11;
				GCC_NO_COMMON_BLOCKS = YES;
				GCC_WARN_64_TO_32_BIT_CONVERSION = YES;
				GCC_WARN_ABOUT_RETURN_TYPE = YES_ERROR;
				GCC_WARN_UNDECLARED_SELECTOR = YES;
				GCC_WARN_UNINITIALIZED_AUTOS = YES_AGGRESSIVE;
				GCC_WARN_UNUSED_FUNCTION = YES;
				GCC_WARN_UNUSED_VARIABLE = YES;
				IPHONEOS_DEPLOYMENT_TARGET = 14.4;
				MTL_ENABLE_DEBUG_INFO = NO;
				MTL_FAST_MATH = YES;
				SDKROOT = iphoneos;
				SWIFT_COMPILATION_MODE = wholemodule;
				SWIFT_OPTIMIZATION_LEVEL = "-O";
				VALIDATE_PRODUCT = YES;
			};
			name = Release;
		};
		74DD6FD12637552E000C1B5C /* Debug */ = {
			isa = XCBuildConfiguration;
			buildSettings = {
				ASSETCATALOG_COMPILER_APPICON_NAME = AppIcon;
				ASSETCATALOG_COMPILER_GLOBAL_ACCENT_COLOR_NAME = AccentColor;
				CODE_SIGN_STYLE = Automatic;
				INFOPLIST_FILE = CoreDataJournal/Resources/Info.plist;
				LD_RUNPATH_SEARCH_PATHS = (
					"$(inherited)",
					"@executable_path/Frameworks",
				);
				PRODUCT_BUNDLE_IDENTIFIER = com.CoreDataJournal.CoreDataJournal;
				PRODUCT_NAME = "$(TARGET_NAME)";
				SWIFT_VERSION = 5.0;
				TARGETED_DEVICE_FAMILY = "1,2";
			};
			name = Debug;
		};
		74DD6FD22637552E000C1B5C /* Release */ = {
			isa = XCBuildConfiguration;
			buildSettings = {
				ASSETCATALOG_COMPILER_APPICON_NAME = AppIcon;
				ASSETCATALOG_COMPILER_GLOBAL_ACCENT_COLOR_NAME = AccentColor;
				CODE_SIGN_STYLE = Automatic;
				INFOPLIST_FILE = CoreDataJournal/Resources/Info.plist;
				LD_RUNPATH_SEARCH_PATHS = (
					"$(inherited)",
					"@executable_path/Frameworks",
				);
				PRODUCT_BUNDLE_IDENTIFIER = com.CoreDataJournal.CoreDataJournal;
				PRODUCT_NAME = "$(TARGET_NAME)";
				SWIFT_VERSION = 5.0;
				TARGETED_DEVICE_FAMILY = "1,2";
			};
			name = Release;
		};
/* End XCBuildConfiguration section */

/* Begin XCConfigurationList section */
		74DD6FB42637552D000C1B5C /* Build configuration list for PBXProject "CoreDataJournal" */ = {
			isa = XCConfigurationList;
			buildConfigurations = (
				74DD6FCE2637552E000C1B5C /* Debug */,
				74DD6FCF2637552E000C1B5C /* Release */,
			);
			defaultConfigurationIsVisible = 0;
			defaultConfigurationName = Release;
		};
		74DD6FD02637552E000C1B5C /* Build configuration list for PBXNativeTarget "CoreDataJournal" */ = {
			isa = XCConfigurationList;
			buildConfigurations = (
				74DD6FD12637552E000C1B5C /* Debug */,
				74DD6FD22637552E000C1B5C /* Release */,
			);
			defaultConfigurationIsVisible = 0;
			defaultConfigurationName = Release;
		};
/* End XCConfigurationList section */

/* Begin XCVersionGroup section */
		74DD6FC52637552D000C1B5C /* CoreDataJournal.xcdatamodeld */ = {
			isa = XCVersionGroup;
			children = (
				74DD6FC62637552D000C1B5C /* CoreDataJournal.xcdatamodel */,
			);
			currentVersion = 74DD6FC62637552D000C1B5C /* CoreDataJournal.xcdatamodel */;
			path = CoreDataJournal.xcdatamodeld;
			sourceTree = "<group>";
			versionGroupType = wrapper.xcdatamodel;
		};
/* End XCVersionGroup section */
	};
	rootObject = 74DD6FB12637552D000C1B5C /* Project object */;
}
